
Microsoft Visual Studio Solution File, Format Version 12.00
# Visual Studio 15
VisualStudioVersion = 15.0.28307.2092
MinimumVisualStudioVersion = 10.0.40219.1
Project("{FAE04EC0-301F-11D3-BF4B-00C04F79EFBC}") = "NoteTakingApp", "NoteTakingApp\NoteTakingApp.csproj", "{05FE7316-BEE9-4CDD-A525-4B2F1ABDC1B4}"
EndProject
Global
	GlobalSection(SolutionConfigurationPlatforms) = preSolution
		Debug|Any CPU = Debug|Any CPU
		Release|Any CPU = Release|Any CPU
	EndGlobalSection
	GlobalSection(ProjectConfigurationPlatforms) = postSolution
		{05FE7316-BEE9-4CDD-A525-4B2F1ABDC1B4}.Debug|Any CPU.ActiveCfg = Debug|Any CPU
		{05FE7316-BEE9-4CDD-A525-4B2F1ABDC1B4}.Debug|Any CPU.Build.0 = Debug|Any CPU
		{05FE7316-BEE9-4CDD-A525-4B2F1ABDC1B4}.Release|Any CPU.ActiveCfg = Release|Any CPU
		{05FE7316-BEE9-4CDD-A525-4B2F1ABDC1B4}.Release|Any CPU.Build.0 = Release|Any CPU
	EndGlobalSection
	GlobalSection(SolutionProperties) = preSolution
		HideSolutionNode = FALSE
	EndGlobalSection
	GlobalSection(ExtensibilityGlobals) = postSolution
		SolutionGuid = {3C6B2D96-835D-4C6C-8429-B428B257DD51}
	EndGlobalSection
EndGlobal
